{
  "object": {
    "pins": [
      {
        "package": "Carbon",
        "repositoryURL": "git@github.com:ra1028/Carbon.git",
        "state": {
          "branch": "master",
          "revision": "9e572593e02ce77e54932d46d130054a13e2a056",
          "version": null
        }
      },
      {
        "package": "DifferenceKit",
        "repositoryURL": "https://github.com/ra1028/DifferenceKit.git",
        "state": {
          "branch": null,
          "revision": "14c66681e12a38b81045f44c6c29724a0d4b0e72",
          "version": "1.1.5"
        }
      },
      {
        "package": "SnapKit",
        "repositoryURL": "https://github.com/SnapKit/SnapKit",
        "state": {
          "branch": null,
          "revision": "d458564516e5676af9c70b4f4b2a9178294f1bc6",
          "version": "5.0.1"
        }
      }
    ]
  },
  "version": 1
}
