// !$*UTF8*$!
{
	archiveVersion = 1;
	classes = {
	};
	objectVersion = 52;
	objects = {

/* Begin PBXBuildFile section */
		680390A7267BFDC500867F94 /* SnapKit in Frameworks */ = {isa = PBXBuildFile; productRef = 680390A6267BFDC500867F94 /* SnapKit */; };
		680390AA267C104C00867F94 /* AddGoalViewModel.swift in Sources */ = {isa = PBXBuildFile; fileRef = 680390A9267C104C00867F94 /* AddGoalViewModel.swift */; };
		680390AF267C441700867F94 /* Carbon in Frameworks */ = {isa = PBXBuildFile; productRef = 680390AE267C441700867F94 /* Carbon */; };
		680390BC267C4A9C00867F94 /* HeaderContent.xib in Resources */ = {isa = PBXBuildFile; fileRef = 680390B4267C4A9C00867F94 /* HeaderContent.xib */; };
		680390BD267C4A9C00867F94 /* Header.swift in Sources */ = {isa = PBXBuildFile; fileRef = 680390B5267C4A9C00867F94 /* Header.swift */; };
		680390BE267C4A9C00867F94 /* FooterContent.xib in Resources */ = {isa = PBXBuildFile; fileRef = 680390B6267C4A9C00867F94 /* FooterContent.xib */; };
		680390BF267C4A9C00867F94 /* UIKitExtensions.swift in Sources */ = {isa = PBXBuildFile; fileRef = 680390B7267C4A9C00867F94 /* UIKitExtensions.swift */; };
		680390C0267C4A9C00867F94 /* NibLoadable.swift in Sources */ = {isa = PBXBuildFile; fileRef = 680390B8267C4A9C00867F94 /* NibLoadable.swift */; };
		680390C1267C4A9C00867F94 /* Spacing.swift in Sources */ = {isa = PBXBuildFile; fileRef = 680390B9267C4A9C00867F94 /* Spacing.swift */; };
		680390C2267C4A9C00867F94 /* HostingController.swift in Sources */ = {isa = PBXBuildFile; fileRef = 680390BA267C4A9C00867F94 /* HostingController.swift */; };
		680390C3267C4A9C00867F94 /* Footer.swift in Sources */ = {isa = PBXBuildFile; fileRef = 680390BB267C4A9C00867F94 /* Footer.swift */; };
		680390C8267C4F4000867F94 /* STextField.swift in Sources */ = {isa = PBXBuildFile; fileRef = 680390C7267C4F4000867F94 /* STextField.swift */; };
		680390CA267C4F5000867F94 /* STextFieldContent.xib in Resources */ = {isa = PBXBuildFile; fileRef = 680390C9267C4F5000867F94 /* STextFieldContent.xib */; };
		680390D0267D041900867F94 /* SIconPicker.swift in Sources */ = {isa = PBXBuildFile; fileRef = 680390CF267D041900867F94 /* SIconPicker.swift */; };
		680390D2267D042300867F94 /* SIconPickerContent.xib in Resources */ = {isa = PBXBuildFile; fileRef = 680390D1267D042300867F94 /* SIconPickerContent.xib */; };
		680390D4267D073200867F94 /* Icon.swift in Sources */ = {isa = PBXBuildFile; fileRef = 680390D3267D073200867F94 /* Icon.swift */; };
		680390D6267D094B00867F94 /* SLabel.swift in Sources */ = {isa = PBXBuildFile; fileRef = 680390D5267D094B00867F94 /* SLabel.swift */; };
		680390D8267D0A1B00867F94 /* SLabelContent.xib in Resources */ = {isa = PBXBuildFile; fileRef = 680390D7267D0A1B00867F94 /* SLabelContent.xib */; };
		680390DA267D0C3C00867F94 /* SIconLabel.swift in Sources */ = {isa = PBXBuildFile; fileRef = 680390D9267D0C3C00867F94 /* SIconLabel.swift */; };
		680390DC267D0C8800867F94 /* SIconLabelContent.xib in Resources */ = {isa = PBXBuildFile; fileRef = 680390DB267D0C8800867F94 /* SIconLabelContent.xib */; };
		680390DE267D288600867F94 /* SColorPicker.swift in Sources */ = {isa = PBXBuildFile; fileRef = 680390DD267D288600867F94 /* SColorPicker.swift */; };
		680390E0267D365B00867F94 /* SColorPickerContent.xib in Resources */ = {isa = PBXBuildFile; fileRef = 680390DF267D365B00867F94 /* SColorPickerContent.xib */; };
		680390E2267D3E7500867F94 /* SDatePicker.swift in Sources */ = {isa = PBXBuildFile; fileRef = 680390E1267D3E7500867F94 /* SDatePicker.swift */; };
		680390E4267D3F0A00867F94 /* SDatePickerContent.xib in Resources */ = {isa = PBXBuildFile; fileRef = 680390E3267D3F0A00867F94 /* SDatePickerContent.xib */; };
		680390E6267D493D00867F94 /* SSwitch.swift in Sources */ = {isa = PBXBuildFile; fileRef = 680390E5267D493D00867F94 /* SSwitch.swift */; };
		680390E8267D49C400867F94 /* SSwitchContent.xib in Resources */ = {isa = PBXBuildFile; fileRef = 680390E7267D49C400867F94 /* SSwitchContent.xib */; };
		680390EC267D5DC900867F94 /* DateExtension.swift in Sources */ = {isa = PBXBuildFile; fileRef = 680390EB267D5DC900867F94 /* DateExtension.swift */; };
		6878FFC6267BF3BB00950033 /* Day+CoreDataClass.swift in Sources */ = {isa = PBXBuildFile; fileRef = 6878FFC2267BF3BB00950033 /* Day+CoreDataClass.swift */; };
		6878FFC7267BF3BB00950033 /* Day+CoreDataProperties.swift in Sources */ = {isa = PBXBuildFile; fileRef = 6878FFC3267BF3BB00950033 /* Day+CoreDataProperties.swift */; };
		6878FFC8267BF3BB00950033 /* Goal+CoreDataClass.swift in Sources */ = {isa = PBXBuildFile; fileRef = 6878FFC4267BF3BB00950033 /* Goal+CoreDataClass.swift */; };
		6878FFC9267BF3BB00950033 /* Goal+CoreDataProperties.swift in Sources */ = {isa = PBXBuildFile; fileRef = 6878FFC5267BF3BB00950033 /* Goal+CoreDataProperties.swift */; };
		6878FFCD267BF4DC00950033 /* AddGoalViewController.swift in Sources */ = {isa = PBXBuildFile; fileRef = 6878FFCC267BF4DC00950033 /* AddGoalViewController.swift */; };
		68B7AA97267AC42F007D94C6 /* AppDelegate.swift in Sources */ = {isa = PBXBuildFile; fileRef = 68B7AA96267AC42F007D94C6 /* AppDelegate.swift */; };
		68B7AA99267AC42F007D94C6 /* SceneDelegate.swift in Sources */ = {isa = PBXBuildFile; fileRef = 68B7AA98267AC42F007D94C6 /* SceneDelegate.swift */; };
		68B7AA9E267AC42F007D94C6 /* Main.storyboard in Resources */ = {isa = PBXBuildFile; fileRef = 68B7AA9C267AC42F007D94C6 /* Main.storyboard */; };
		68B7AAA1267AC42F007D94C6 /* Starboard.xcdatamodeld in Sources */ = {isa = PBXBuildFile; fileRef = 68B7AA9F267AC42F007D94C6 /* Starboard.xcdatamodeld */; };
		68B7AAA3267AC430007D94C6 /* Assets.xcassets in Resources */ = {isa = PBXBuildFile; fileRef = 68B7AAA2267AC430007D94C6 /* Assets.xcassets */; };
		68B7AAA6267AC430007D94C6 /* LaunchScreen.storyboard in Resources */ = {isa = PBXBuildFile; fileRef = 68B7AAA4267AC430007D94C6 /* LaunchScreen.storyboard */; };
/* End PBXBuildFile section */

/* Begin PBXFileReference section */
		680390A9267C104C00867F94 /* AddGoalViewModel.swift */ = {isa = PBXFileReference; lastKnownFileType = sourcecode.swift; path = AddGoalViewModel.swift; sourceTree = "<group>"; };
		680390B4267C4A9C00867F94 /* HeaderContent.xib */ = {isa = PBXFileReference; fileEncoding = 4; lastKnownFileType = file.xib; path = HeaderContent.xib; sourceTree = "<group>"; };
		680390B5267C4A9C00867F94 /* Header.swift */ = {isa = PBXFileReference; fileEncoding = 4; lastKnownFileType = sourcecode.swift; path = Header.swift; sourceTree = "<group>"; };
		680390B6267C4A9C00867F94 /* FooterContent.xib */ = {isa = PBXFileReference; fileEncoding = 4; lastKnownFileType = file.xib; path = FooterContent.xib; sourceTree = "<group>"; };
		680390B7267C4A9C00867F94 /* UIKitExtensions.swift */ = {isa = PBXFileReference; fileEncoding = 4; lastKnownFileType = sourcecode.swift; path = UIKitExtensions.swift; sourceTree = "<group>"; };
		680390B8267C4A9C00867F94 /* NibLoadable.swift */ = {isa = PBXFileReference; fileEncoding = 4; lastKnownFileType = sourcecode.swift; path = NibLoadable.swift; sourceTree = "<group>"; };
		680390B9267C4A9C00867F94 /* Spacing.swift */ = {isa = PBXFileReference; fileEncoding = 4; lastKnownFileType = sourcecode.swift; path = Spacing.swift; sourceTree = "<group>"; };
		680390BA267C4A9C00867F94 /* HostingController.swift */ = {isa = PBXFileReference; fileEncoding = 4; lastKnownFileType = sourcecode.swift; path = HostingController.swift; sourceTree = "<group>"; };
		680390BB267C4A9C00867F94 /* Footer.swift */ = {isa = PBXFileReference; fileEncoding = 4; lastKnownFileType = sourcecode.swift; path = Footer.swift; sourceTree = "<group>"; };
		680390C7267C4F4000867F94 /* STextField.swift */ = {isa = PBXFileReference; lastKnownFileType = sourcecode.swift; path = STextField.swift; sourceTree = "<group>"; };
		680390C9267C4F5000867F94 /* STextFieldContent.xib */ = {isa = PBXFileReference; lastKnownFileType = file.xib; path = STextFieldContent.xib; sourceTree = "<group>"; };
		680390CF267D041900867F94 /* SIconPicker.swift */ = {isa = PBXFileReference; lastKnownFileType = sourcecode.swift; path = SIconPicker.swift; sourceTree = "<group>"; };
		680390D1267D042300867F94 /* SIconPickerContent.xib */ = {isa = PBXFileReference; lastKnownFileType = file.xib; path = SIconPickerContent.xib; sourceTree = "<group>"; };
		680390D3267D073200867F94 /* Icon.swift */ = {isa = PBXFileReference; lastKnownFileType = sourcecode.swift; path = Icon.swift; sourceTree = "<group>"; };
		680390D5267D094B00867F94 /* SLabel.swift */ = {isa = PBXFileReference; lastKnownFileType = sourcecode.swift; path = SLabel.swift; sourceTree = "<group>"; };
		680390D7267D0A1B00867F94 /* SLabelContent.xib */ = {isa = PBXFileReference; lastKnownFileType = file.xib; path = SLabelContent.xib; sourceTree = "<group>"; };
		680390D9267D0C3C00867F94 /* SIconLabel.swift */ = {isa = PBXFileReference; lastKnownFileType = sourcecode.swift; path = SIconLabel.swift; sourceTree = "<group>"; };
		680390DB267D0C8800867F94 /* SIconLabelContent.xib */ = {isa = PBXFileReference; lastKnownFileType = file.xib; path = SIconLabelContent.xib; sourceTree = "<group>"; };
		680390DD267D288600867F94 /* SColorPicker.swift */ = {isa = PBXFileReference; lastKnownFileType = sourcecode.swift; path = SColorPicker.swift; sourceTree = "<group>"; };
		680390DF267D365B00867F94 /* SColorPickerContent.xib */ = {isa = PBXFileReference; lastKnownFileType = file.xib; path = SColorPickerContent.xib; sourceTree = "<group>"; };
		680390E1267D3E7500867F94 /* SDatePicker.swift */ = {isa = PBXFileReference; lastKnownFileType = sourcecode.swift; path = SDatePicker.swift; sourceTree = "<group>"; };
		680390E3267D3F0A00867F94 /* SDatePickerContent.xib */ = {isa = PBXFileReference; lastKnownFileType = file.xib; path = SDatePickerContent.xib; sourceTree = "<group>"; };
		680390E5267D493D00867F94 /* SSwitch.swift */ = {isa = PBXFileReference; lastKnownFileType = sourcecode.swift; path = SSwitch.swift; sourceTree = "<group>"; };
		680390E7267D49C400867F94 /* SSwitchContent.xib */ = {isa = PBXFileReference; lastKnownFileType = file.xib; path = SSwitchContent.xib; sourceTree = "<group>"; };
		680390EB267D5DC900867F94 /* DateExtension.swift */ = {isa = PBXFileReference; fileEncoding = 4; lastKnownFileType = sourcecode.swift; name = DateExtension.swift; path = ../../SwiftUI/Starboard/Extensions/DateExtension.swift; sourceTree = "<group>"; };
		6878FFC2267BF3BB00950033 /* Day+CoreDataClass.swift */ = {isa = PBXFileReference; lastKnownFileType = sourcecode.swift; path = "Day+CoreDataClass.swift"; sourceTree = "<group>"; };
		6878FFC3267BF3BB00950033 /* Day+CoreDataProperties.swift */ = {isa = PBXFileReference; lastKnownFileType = sourcecode.swift; path = "Day+CoreDataProperties.swift"; sourceTree = "<group>"; };
		6878FFC4267BF3BB00950033 /* Goal+CoreDataClass.swift */ = {isa = PBXFileReference; lastKnownFileType = sourcecode.swift; path = "Goal+CoreDataClass.swift"; sourceTree = "<group>"; };
		6878FFC5267BF3BB00950033 /* Goal+CoreDataProperties.swift */ = {isa = PBXFileReference; lastKnownFileType = sourcecode.swift; path = "Goal+CoreDataProperties.swift"; sourceTree = "<group>"; };
		6878FFCC267BF4DC00950033 /* AddGoalViewController.swift */ = {isa = PBXFileReference; lastKnownFileType = sourcecode.swift; path = AddGoalViewController.swift; sourceTree = "<group>"; };
		68B7AA93267AC42F007D94C6 /* Starboard.app */ = {isa = PBXFileReference; explicitFileType = wrapper.application; includeInIndex = 0; path = Starboard.app; sourceTree = BUILT_PRODUCTS_DIR; };
		68B7AA96267AC42F007D94C6 /* AppDelegate.swift */ = {isa = PBXFileReference; lastKnownFileType = sourcecode.swift; path = AppDelegate.swift; sourceTree = "<group>"; };
		68B7AA98267AC42F007D94C6 /* SceneDelegate.swift */ = {isa = PBXFileReference; lastKnownFileType = sourcecode.swift; path = SceneDelegate.swift; sourceTree = "<group>"; };
		68B7AA9D267AC42F007D94C6 /* Base */ = {isa = PBXFileReference; lastKnownFileType = file.storyboard; name = Base; path = Base.lproj/Main.storyboard; sourceTree = "<group>"; };
		68B7AAA0267AC42F007D94C6 /* Starboard.xcdatamodel */ = {isa = PBXFileReference; lastKnownFileType = wrapper.xcdatamodel; path = Starboard.xcdatamodel; sourceTree = "<group>"; };
		68B7AAA2267AC430007D94C6 /* Assets.xcassets */ = {isa = PBXFileReference; lastKnownFileType = folder.assetcatalog; path = Assets.xcassets; sourceTree = "<group>"; };
		68B7AAA5267AC430007D94C6 /* Base */ = {isa = PBXFileReference; lastKnownFileType = file.storyboard; name = Base; path = Base.lproj/LaunchScreen.storyboard; sourceTree = "<group>"; };
		68B7AAA7267AC430007D94C6 /* Info.plist */ = {isa = PBXFileReference; lastKnownFileType = text.plist.xml; path = Info.plist; sourceTree = "<group>"; };
/* End PBXFileReference section */

/* Begin PBXFrameworksBuildPhase section */
		68B7AA90267AC42F007D94C6 /* Frameworks */ = {
			isa = PBXFrameworksBuildPhase;
			buildActionMask = 2147483647;
			files = (
				680390A7267BFDC500867F94 /* SnapKit in Frameworks */,
				680390AF267C441700867F94 /* Carbon in Frameworks */,
			);
			runOnlyForDeploymentPostprocessing = 0;
		};
/* End PBXFrameworksBuildPhase section */

/* Begin PBXGroup section */
		680390A8267C0FA700867F94 /* Controller */ = {
			isa = PBXGroup;
			children = (
				6878FFCC267BF4DC00950033 /* AddGoalViewController.swift */,
			);
			path = Controller;
			sourceTree = "<group>";
		};
		680390B0267C45B100867F94 /* View */ = {
			isa = PBXGroup;
			children = (
				680390C6267C4E6E00867F94 /* AddGoal */,
				680390B1267C49B400867F94 /* Common */,
			);
			path = View;
			sourceTree = "<group>";
		};
		680390B1267C49B400867F94 /* Common */ = {
			isa = PBXGroup;
			children = (
				680390B7267C4A9C00867F94 /* UIKitExtensions.swift */,
				680390BB267C4A9C00867F94 /* Footer.swift */,
				680390B6267C4A9C00867F94 /* FooterContent.xib */,
				680390B5267C4A9C00867F94 /* Header.swift */,
				680390B4267C4A9C00867F94 /* HeaderContent.xib */,
				680390BA267C4A9C00867F94 /* HostingController.swift */,
				680390B8267C4A9C00867F94 /* NibLoadable.swift */,
				680390B9267C4A9C00867F94 /* Spacing.swift */,
			);
			path = Common;
			sourceTree = "<group>";
		};
		680390C6267C4E6E00867F94 /* AddGoal */ = {
			isa = PBXGroup;
			children = (
				680390C7267C4F4000867F94 /* STextField.swift */,
				680390C9267C4F5000867F94 /* STextFieldContent.xib */,
				680390CF267D041900867F94 /* SIconPicker.swift */,
				680390D1267D042300867F94 /* SIconPickerContent.xib */,
				680390D5267D094B00867F94 /* SLabel.swift */,
				680390D7267D0A1B00867F94 /* SLabelContent.xib */,
				680390D9267D0C3C00867F94 /* SIconLabel.swift */,
				680390DB267D0C8800867F94 /* SIconLabelContent.xib */,
				680390DD267D288600867F94 /* SColorPicker.swift */,
				680390DF267D365B00867F94 /* SColorPickerContent.xib */,
				680390E1267D3E7500867F94 /* SDatePicker.swift */,
				680390E3267D3F0A00867F94 /* SDatePickerContent.xib */,
				680390E5267D493D00867F94 /* SSwitch.swift */,
				680390E7267D49C400867F94 /* SSwitchContent.xib */,
			);
			path = AddGoal;
			sourceTree = "<group>";
		};
		6878FFCA267BF3D800950033 /* Model */ = {
			isa = PBXGroup;
			children = (
				6878FFCB267BF3E100950033 /* Core Data */,
				680390A9267C104C00867F94 /* AddGoalViewModel.swift */,
				680390D3267D073200867F94 /* Icon.swift */,
			);
			path = Model;
			sourceTree = "<group>";
		};
		6878FFCB267BF3E100950033 /* Core Data */ = {
			isa = PBXGroup;
			children = (
				68B7AA9F267AC42F007D94C6 /* Starboard.xcdatamodeld */,
				6878FFC2267BF3BB00950033 /* Day+CoreDataClass.swift */,
				6878FFC3267BF3BB00950033 /* Day+CoreDataProperties.swift */,
				6878FFC4267BF3BB00950033 /* Goal+CoreDataClass.swift */,
				6878FFC5267BF3BB00950033 /* Goal+CoreDataProperties.swift */,
			);
			path = "Core Data";
			sourceTree = "<group>";
		};
		68B7AA8A267AC42F007D94C6 = {
			isa = PBXGroup;
			children = (
				68B7AA95267AC42F007D94C6 /* Starboard */,
				68B7AA94267AC42F007D94C6 /* Products */,
			);
			sourceTree = "<group>";
		};
		68B7AA94267AC42F007D94C6 /* Products */ = {
			isa = PBXGroup;
			children = (
				68B7AA93267AC42F007D94C6 /* Starboard.app */,
			);
			name = Products;
			sourceTree = "<group>";
		};
		68B7AA95267AC42F007D94C6 /* Starboard */ = {
			isa = PBXGroup;
			children = (
				6878FFCA267BF3D800950033 /* Model */,
				680390A8267C0FA700867F94 /* Controller */,
				680390B0267C45B100867F94 /* View */,
				68B7AA96267AC42F007D94C6 /* AppDelegate.swift */,
				68B7AA98267AC42F007D94C6 /* SceneDelegate.swift */,
				68B7AA9C267AC42F007D94C6 /* Main.storyboard */,
				68B7AAA2267AC430007D94C6 /* Assets.xcassets */,
				68B7AAA4267AC430007D94C6 /* LaunchScreen.storyboard */,
				68B7AAA7267AC430007D94C6 /* Info.plist */,
				680390EB267D5DC900867F94 /* DateExtension.swift */,
			);
			path = Starboard;
			sourceTree = "<group>";
		};
/* End PBXGroup section */

/* Begin PBXNativeTarget section */
		68B7AA92267AC42F007D94C6 /* Starboard */ = {
			isa = PBXNativeTarget;
			buildConfigurationList = 68B7AAAA267AC430007D94C6 /* Build configuration list for PBXNativeTarget "Starboard" */;
			buildPhases = (
				68B7AA8F267AC42F007D94C6 /* Sources */,
				68B7AA90267AC42F007D94C6 /* Frameworks */,
				68B7AA91267AC42F007D94C6 /* Resources */,
			);
			buildRules = (
			);
			dependencies = (
			);
			name = Starboard;
			packageProductDependencies = (
				680390A6267BFDC500867F94 /* SnapKit */,
				680390AE267C441700867F94 /* Carbon */,
			);
			productName = Starboard;
			productReference = 68B7AA93267AC42F007D94C6 /* Starboard.app */;
			productType = "com.apple.product-type.application";
		};
/* End PBXNativeTarget section */

/* Begin PBXProject section */
		68B7AA8B267AC42F007D94C6 /* Project object */ = {
			isa = PBXProject;
			attributes = {
				LastSwiftUpdateCheck = 1250;
				LastUpgradeCheck = 1250;
				TargetAttributes = {
					68B7AA92267AC42F007D94C6 = {
						CreatedOnToolsVersion = 12.5;
					};
				};
			};
			buildConfigurationList = 68B7AA8E267AC42F007D94C6 /* Build configuration list for PBXProject "Starboard" */;
			compatibilityVersion = "Xcode 9.3";
			developmentRegion = en;
			hasScannedForEncodings = 0;
			knownRegions = (
				en,
				Base,
			);
			mainGroup = 68B7AA8A267AC42F007D94C6;
			packageReferences = (
				680390A5267BFDC500867F94 /* XCRemoteSwiftPackageReference "SnapKit" */,
				680390AD267C441700867F94 /* XCRemoteSwiftPackageReference "Carbon" */,
			);
			productRefGroup = 68B7AA94267AC42F007D94C6 /* Products */;
			projectDirPath = "";
			projectRoot = "";
			targets = (
				68B7AA92267AC42F007D94C6 /* Starboard */,
			);
		};
/* End PBXProject section */

/* Begin PBXResourcesBuildPhase section */
		68B7AA91267AC42F007D94C6 /* Resources */ = {
			isa = PBXResourcesBuildPhase;
			buildActionMask = 2147483647;
			files = (
				680390D8267D0A1B00867F94 /* SLabelContent.xib in Resources */,
				680390DC267D0C8800867F94 /* SIconLabelContent.xib in Resources */,
				68B7AAA6267AC430007D94C6 /* LaunchScreen.storyboard in Resources */,
				680390CA267C4F5000867F94 /* STextFieldContent.xib in Resources */,
				68B7AAA3267AC430007D94C6 /* Assets.xcassets in Resources */,
				680390D2267D042300867F94 /* SIconPickerContent.xib in Resources */,
				680390BC267C4A9C00867F94 /* HeaderContent.xib in Resources */,
				680390E8267D49C400867F94 /* SSwitchContent.xib in Resources */,
				680390BE267C4A9C00867F94 /* FooterContent.xib in Resources */,
				68B7AA9E267AC42F007D94C6 /* Main.storyboard in Resources */,
				680390E4267D3F0A00867F94 /* SDatePickerContent.xib in Resources */,
				680390E0267D365B00867F94 /* SColorPickerContent.xib in Resources */,
			);
			runOnlyForDeploymentPostprocessing = 0;
		};
/* End PBXResourcesBuildPhase section */

/* Begin PBXSourcesBuildPhase section */
		68B7AA8F267AC42F007D94C6 /* Sources */ = {
			isa = PBXSourcesBuildPhase;
			buildActionMask = 2147483647;
			files = (
				680390BD267C4A9C00867F94 /* Header.swift in Sources */,
				680390EC267D5DC900867F94 /* DateExtension.swift in Sources */,
				680390E2267D3E7500867F94 /* SDatePicker.swift in Sources */,
				6878FFC6267BF3BB00950033 /* Day+CoreDataClass.swift in Sources */,
				6878FFCD267BF4DC00950033 /* AddGoalViewController.swift in Sources */,
				68B7AAA1267AC42F007D94C6 /* Starboard.xcdatamodeld in Sources */,
				680390C2267C4A9C00867F94 /* HostingController.swift in Sources */,
				6878FFC8267BF3BB00950033 /* Goal+CoreDataClass.swift in Sources */,
				68B7AA97267AC42F007D94C6 /* AppDelegate.swift in Sources */,
				680390C8267C4F4000867F94 /* STextField.swift in Sources */,
				6878FFC7267BF3BB00950033 /* Day+CoreDataProperties.swift in Sources */,
				680390AA267C104C00867F94 /* AddGoalViewModel.swift in Sources */,
				680390C3267C4A9C00867F94 /* Footer.swift in Sources */,
				6878FFC9267BF3BB00950033 /* Goal+CoreDataProperties.swift in Sources */,
				680390D4267D073200867F94 /* Icon.swift in Sources */,
				680390DE267D288600867F94 /* SColorPicker.swift in Sources */,
				680390C0267C4A9C00867F94 /* NibLoadable.swift in Sources */,
				680390D6267D094B00867F94 /* SLabel.swift in Sources */,
				680390E6267D493D00867F94 /* SSwitch.swift in Sources */,
				680390DA267D0C3C00867F94 /* SIconLabel.swift in Sources */,
				680390BF267C4A9C00867F94 /* UIKitExtensions.swift in Sources */,
				680390D0267D041900867F94 /* SIconPicker.swift in Sources */,
				680390C1267C4A9C00867F94 /* Spacing.swift in Sources */,
				68B7AA99267AC42F007D94C6 /* SceneDelegate.swift in Sources */,
			);
			runOnlyForDeploymentPostprocessing = 0;
		};
/* End PBXSourcesBuildPhase section */

/* Begin PBXVariantGroup section */
		68B7AA9C267AC42F007D94C6 /* Main.storyboard */ = {
			isa = PBXVariantGroup;
			children = (
				68B7AA9D267AC42F007D94C6 /* Base */,
			);
			name = Main.storyboard;
			sourceTree = "<group>";
		};
		68B7AAA4267AC430007D94C6 /* LaunchScreen.storyboard */ = {
			isa = PBXVariantGroup;
			children = (
				68B7AAA5267AC430007D94C6 /* Base */,
			);
			name = LaunchScreen.storyboard;
			sourceTree = "<group>";
		};
/* End PBXVariantGroup section */

/* Begin XCBuildConfiguration section */
		68B7AAA8267AC430007D94C6 /* Debug */ = {
			isa = XCBuildConfiguration;
			buildSettings = {
				ALWAYS_SEARCH_USER_PATHS = NO;
				CLANG_ANALYZER_NONNULL = YES;
				CLANG_ANALYZER_NUMBER_OBJECT_CONVERSION = YES_AGGRESSIVE;
				CLANG_CXX_LANGUAGE_STANDARD = "gnu++14";
				CLANG_CXX_LIBRARY = "libc++";
				CLANG_ENABLE_MODULES = YES;
				CLANG_ENABLE_OBJC_ARC = YES;
				CLANG_ENABLE_OBJC_WEAK = YES;
				CLANG_WARN_BLOCK_CAPTURE_AUTORELEASING = YES;
				CLANG_WARN_BOOL_CONVERSION = YES;
				CLANG_WARN_COMMA = YES;
				CLANG_WARN_CONSTANT_CONVERSION = YES;
				CLANG_WARN_DEPRECATED_OBJC_IMPLEMENTATIONS = YES;
				CLANG_WARN_DIRECT_OBJC_ISA_USAGE = YES_ERROR;
				CLANG_WARN_DOCUMENTATION_COMMENTS = YES;
				CLANG_WARN_EMPTY_BODY = YES;
				CLANG_WARN_ENUM_CONVERSION = YES;
				CLANG_WARN_INFINITE_RECURSION = YES;
				CLANG_WARN_INT_CONVERSION = YES;
				CLANG_WARN_NON_LITERAL_NULL_CONVERSION = YES;
				CLANG_WARN_OBJC_IMPLICIT_RETAIN_SELF = YES;
				CLANG_WARN_OBJC_LITERAL_CONVERSION = YES;
				CLANG_WARN_OBJC_ROOT_CLASS = YES_ERROR;
				CLANG_WARN_QUOTED_INCLUDE_IN_FRAMEWORK_HEADER = YES;
				CLANG_WARN_RANGE_LOOP_ANALYSIS = YES;
				CLANG_WARN_STRICT_PROTOTYPES = YES;
				CLANG_WARN_SUSPICIOUS_MOVE = YES;
				CLANG_WARN_UNGUARDED_AVAILABILITY = YES_AGGRESSIVE;
				CLANG_WARN_UNREACHABLE_CODE = YES;
				CLANG_WARN__DUPLICATE_METHOD_MATCH = YES;
				COPY_PHASE_STRIP = NO;
				DEBUG_INFORMATION_FORMAT = dwarf;
				ENABLE_STRICT_OBJC_MSGSEND = YES;
				ENABLE_TESTABILITY = YES;
				GCC_C_LANGUAGE_STANDARD = gnu11;
				GCC_DYNAMIC_NO_PIC = NO;
				GCC_NO_COMMON_BLOCKS = YES;
				GCC_OPTIMIZATION_LEVEL = 0;
				GCC_PREPROCESSOR_DEFINITIONS = (
					"DEBUG=1",
					"$(inherited)",
				);
				GCC_WARN_64_TO_32_BIT_CONVERSION = YES;
				GCC_WARN_ABOUT_RETURN_TYPE = YES_ERROR;
				GCC_WARN_UNDECLARED_SELECTOR = YES;
				GCC_WARN_UNINITIALIZED_AUTOS = YES_AGGRESSIVE;
				GCC_WARN_UNUSED_FUNCTION = YES;
				GCC_WARN_UNUSED_VARIABLE = YES;
				IPHONEOS_DEPLOYMENT_TARGET = 14.5;
				MTL_ENABLE_DEBUG_INFO = INCLUDE_SOURCE;
				MTL_FAST_MATH = YES;
				ONLY_ACTIVE_ARCH = YES;
				SDKROOT = iphoneos;
				SWIFT_ACTIVE_COMPILATION_CONDITIONS = DEBUG;
				SWIFT_OPTIMIZATION_LEVEL = "-Onone";
			};
			name = Debug;
		};
		68B7AAA9267AC430007D94C6 /* Release */ = {
			isa = XCBuildConfiguration;
			buildSettings = {
				ALWAYS_SEARCH_USER_PATHS = NO;
				CLANG_ANALYZER_NONNULL = YES;
				CLANG_ANALYZER_NUMBER_OBJECT_CONVERSION = YES_AGGRESSIVE;
				CLANG_CXX_LANGUAGE_STANDARD = "gnu++14";
				CLANG_CXX_LIBRARY = "libc++";
				CLANG_ENABLE_MODULES = YES;
				CLANG_ENABLE_OBJC_ARC = YES;
				CLANG_ENABLE_OBJC_WEAK = YES;
				CLANG_WARN_BLOCK_CAPTURE_AUTORELEASING = YES;
				CLANG_WARN_BOOL_CONVERSION = YES;
				CLANG_WARN_COMMA = YES;
				CLANG_WARN_CONSTANT_CONVERSION = YES;
				CLANG_WARN_DEPRECATED_OBJC_IMPLEMENTATIONS = YES;
				CLANG_WARN_DIRECT_OBJC_ISA_USAGE = YES_ERROR;
				CLANG_WARN_DOCUMENTATION_COMMENTS = YES;
				CLANG_WARN_EMPTY_BODY = YES;
				CLANG_WARN_ENUM_CONVERSION = YES;
				CLANG_WARN_INFINITE_RECURSION = YES;
				CLANG_WARN_INT_CONVERSION = YES;
				CLANG_WARN_NON_LITERAL_NULL_CONVERSION = YES;
				CLANG_WARN_OBJC_IMPLICIT_RETAIN_SELF = YES;
				CLANG_WARN_OBJC_LITERAL_CONVERSION = YES;
				CLANG_WARN_OBJC_ROOT_CLASS = YES_ERROR;
				CLANG_WARN_QUOTED_INCLUDE_IN_FRAMEWORK_HEADER = YES;
				CLANG_WARN_RANGE_LOOP_ANALYSIS = YES;
				CLANG_WARN_STRICT_PROTOTYPES = YES;
				CLANG_WARN_SUSPICIOUS_MOVE = YES;
				CLANG_WARN_UNGUARDED_AVAILABILITY = YES_AGGRESSIVE;
				CLANG_WARN_UNREACHABLE_CODE = YES;
				CLANG_WARN__DUPLICATE_METHOD_MATCH = YES;
				COPY_PHASE_STRIP = NO;
				DEBUG_INFORMATION_FORMAT = "dwarf-with-dsym";
				ENABLE_NS_ASSERTIONS = NO;
				ENABLE_STRICT_OBJC_MSGSEND = YES;
				GCC_C_LANGUAGE_STANDARD = gnu11;
				GCC_NO_COMMON_BLOCKS = YES;
				GCC_WARN_64_TO_32_BIT_CONVERSION = YES;
				GCC_WARN_ABOUT_RETURN_TYPE = YES_ERROR;
				GCC_WARN_UNDECLARED_SELECTOR = YES;
				GCC_WARN_UNINITIALIZED_AUTOS = YES_AGGRESSIVE;
				GCC_WARN_UNUSED_FUNCTION = YES;
				GCC_WARN_UNUSED_VARIABLE = YES;
				IPHONEOS_DEPLOYMENT_TARGET = 14.5;
				MTL_ENABLE_DEBUG_INFO = NO;
				MTL_FAST_MATH = YES;
				SDKROOT = iphoneos;
				SWIFT_COMPILATION_MODE = wholemodule;
				SWIFT_OPTIMIZATION_LEVEL = "-O";
				VALIDATE_PRODUCT = YES;
			};
			name = Release;
		};
		68B7AAAB267AC430007D94C6 /* Debug */ = {
			isa = XCBuildConfiguration;
			buildSettings = {
				ASSETCATALOG_COMPILER_APPICON_NAME = AppIcon;
				ASSETCATALOG_COMPILER_GLOBAL_ACCENT_COLOR_NAME = AccentColor;
				CODE_SIGN_STYLE = Automatic;
				DEVELOPMENT_TEAM = J97PER9B8T;
				INFOPLIST_FILE = Starboard/Info.plist;
				LD_RUNPATH_SEARCH_PATHS = (
					"$(inherited)",
					"@executable_path/Frameworks",
				);
				PRODUCT_BUNDLE_IDENTIFIER = com.davidbarsam.Starboard.UIKIT;
				PRODUCT_NAME = "$(TARGET_NAME)";
				SWIFT_VERSION = 5.0;
				TARGETED_DEVICE_FAMILY = "1,2";
			};
			name = Debug;
		};
		68B7AAAC267AC430007D94C6 /* Release */ = {
			isa = XCBuildConfiguration;
			buildSettings = {
				ASSETCATALOG_COMPILER_APPICON_NAME = AppIcon;
				ASSETCATALOG_COMPILER_GLOBAL_ACCENT_COLOR_NAME = AccentColor;
				CODE_SIGN_STYLE = Automatic;
				DEVELOPMENT_TEAM = J97PER9B8T;
				INFOPLIST_FILE = Starboard/Info.plist;
				LD_RUNPATH_SEARCH_PATHS = (
					"$(inherited)",
					"@executable_path/Frameworks",
				);
				PRODUCT_BUNDLE_IDENTIFIER = com.davidbarsam.Starboard.UIKIT;
				PRODUCT_NAME = "$(TARGET_NAME)";
				SWIFT_VERSION = 5.0;
				TARGETED_DEVICE_FAMILY = "1,2";
			};
			name = Release;
		};
/* End XCBuildConfiguration section */

/* Begin XCConfigurationList section */
		68B7AA8E267AC42F007D94C6 /* Build configuration list for PBXProject "Starboard" */ = {
			isa = XCConfigurationList;
			buildConfigurations = (
				68B7AAA8267AC430007D94C6 /* Debug */,
				68B7AAA9267AC430007D94C6 /* Release */,
			);
			defaultConfigurationIsVisible = 0;
			defaultConfigurationName = Release;
		};
		68B7AAAA267AC430007D94C6 /* Build configuration list for PBXNativeTarget "Starboard" */ = {
			isa = XCConfigurationList;
			buildConfigurations = (
				68B7AAAB267AC430007D94C6 /* Debug */,
				68B7AAAC267AC430007D94C6 /* Release */,
			);
			defaultConfigurationIsVisible = 0;
			defaultConfigurationName = Release;
		};
/* End XCConfigurationList section */

/* Begin XCRemoteSwiftPackageReference section */
		680390A5267BFDC500867F94 /* XCRemoteSwiftPackageReference "SnapKit" */ = {
			isa = XCRemoteSwiftPackageReference;
			repositoryURL = "https://github.com/SnapKit/SnapKit";
			requirement = {
				kind = upToNextMajorVersion;
				minimumVersion = 5.0.1;
			};
		};
		680390AD267C441700867F94 /* XCRemoteSwiftPackageReference "Carbon" */ = {
			isa = XCRemoteSwiftPackageReference;
			repositoryURL = "git@github.com:ra1028/Carbon.git";
			requirement = {
				branch = master;
				kind = branch;
			};
		};
/* End XCRemoteSwiftPackageReference section */

/* Begin XCSwiftPackageProductDependency section */
		680390A6267BFDC500867F94 /* SnapKit */ = {
			isa = XCSwiftPackageProductDependency;
			package = 680390A5267BFDC500867F94 /* XCRemoteSwiftPackageReference "SnapKit" */;
			productName = SnapKit;
		};
		680390AE267C441700867F94 /* Carbon */ = {
			isa = XCSwiftPackageProductDependency;
			package = 680390AD267C441700867F94 /* XCRemoteSwiftPackageReference "Carbon" */;
			productName = Carbon;
		};
/* End XCSwiftPackageProductDependency section */

/* Begin XCVersionGroup section */
		68B7AA9F267AC42F007D94C6 /* Starboard.xcdatamodeld */ = {
			isa = XCVersionGroup;
			children = (
				68B7AAA0267AC42F007D94C6 /* Starboard.xcdatamodel */,
			);
			currentVersion = 68B7AAA0267AC42F007D94C6 /* Starboard.xcdatamodel */;
			path = Starboard.xcdatamodeld;
			sourceTree = "<group>";
			versionGroupType = wrapper.xcdatamodel;
		};
/* End XCVersionGroup section */
	};
	rootObject = 68B7AA8B267AC42F007D94C6 /* Project object */;
}
